// !$*UTF8*$!
{
	archiveVersion = 1;
	classes = {
	};
	objectVersion = 56;
	objects = {

/* Begin PBXBuildFile section */
		D55A42282DA9B28B00D4B461 /* RootViewModel.swift in Sources */ = {isa = PBXBuildFile; fileRef = D55A42272DA9B28B00D4B461 /* RootViewModel.swift */; };
		D5A541002DA844B0004514F7 /* TeeFinderApp.swift in Sources */ = {isa = PBXBuildFile; fileRef = D5A540FF2DA844B0004514F7 /* TeeFinderApp.swift */; };
		D5A541022DA844B0004514F7 /* RootView.swift in Sources */ = {isa = PBXBuildFile; fileRef = D5A541012DA844B0004514F7 /* RootView.swift */; };
		D5A541042DA844B3004514F7 /* Assets.xcassets in Resources */ = {isa = PBXBuildFile; fileRef = D5A541032DA844B3004514F7 /* Assets.xcassets */; };
		D5A541072DA844B3004514F7 /* Preview Assets.xcassets in Resources */ = {isa = PBXBuildFile; fileRef = D5A541062DA844B3004514F7 /* Preview Assets.xcassets */; };
		D5A541092DA844B3004514F7 /* Persistence.swift in Sources */ = {isa = PBXBuildFile; fileRef = D5A541082DA844B3004514F7 /* Persistence.swift */; };
		D5A5410C2DA844B3004514F7 /* TeeFinder.xcdatamodeld in Sources */ = {isa = PBXBuildFile; fileRef = D5A5410A2DA844B3004514F7 /* TeeFinder.xcdatamodeld */; };
		D5A541162DA844B3004514F7 /* TeeFinderTests.swift in Sources */ = {isa = PBXBuildFile; fileRef = D5A541152DA844B3004514F7 /* TeeFinderTests.swift */; };
		D5A541202DA844B3004514F7 /* TeeFinderUITests.swift in Sources */ = {isa = PBXBuildFile; fileRef = D5A5411F2DA844B3004514F7 /* TeeFinderUITests.swift */; };
		D5A541222DA844B3004514F7 /* TeeFinderUITestsLaunchTests.swift in Sources */ = {isa = PBXBuildFile; fileRef = D5A541212DA844B3004514F7 /* TeeFinderUITestsLaunchTests.swift */; };
		D5A541372DA864A1004514F7 /* CourseModel.swift in Sources */ = {isa = PBXBuildFile; fileRef = D5A541362DA864A1004514F7 /* CourseModel.swift */; };
		D5A541392DA864DD004514F7 /* CourseSearchSession.swift in Sources */ = {isa = PBXBuildFile; fileRef = D5A541382DA864DD004514F7 /* CourseSearchSession.swift */; };
		D5B482D12DACBB27000D34A6 /* CourseListItemView.swift in Sources */ = {isa = PBXBuildFile; fileRef = D5B482D02DACBB27000D34A6 /* CourseListItemView.swift */; };
		D5B482D62DACBBB7000D34A6 /* CourseDetailView.swift in Sources */ = {isa = PBXBuildFile; fileRef = D5B482D52DACBBB7000D34A6 /* CourseDetailView.swift */; };
		D5B482D82DACBC10000D34A6 /* TeeDetailView.swift in Sources */ = {isa = PBXBuildFile; fileRef = D5B482D72DACBC10000D34A6 /* TeeDetailView.swift */; };
		D5B482DA2DACBCE3000D34A6 /* CourseDetailViewModel.swift in Sources */ = {isa = PBXBuildFile; fileRef = D5B482D92DACBCE3000D34A6 /* CourseDetailViewModel.swift */; };
		D5B482DC2DACBEFE000D34A6 /* TeeDetailViewModel.swift in Sources */ = {isa = PBXBuildFile; fileRef = D5B482DB2DACBEFE000D34A6 /* TeeDetailViewModel.swift */; };
		D5B482DF2DACC43F000D34A6 /* CourseListItemViewModel.swift in Sources */ = {isa = PBXBuildFile; fileRef = D5B482DE2DACC43F000D34A6 /* CourseListItemViewModel.swift */; };
		D5B482E12DACC72F000D34A6 /* CourseListViewModel.swift in Sources */ = {isa = PBXBuildFile; fileRef = D5B482E02DACC72F000D34A6 /* CourseListViewModel.swift */; };
		D5B5366A2DA8C3EE00778AE3 /* Trie.swift in Sources */ = {isa = PBXBuildFile; fileRef = D5B536692DA8C3EE00778AE3 /* Trie.swift */; };
		D5BC7A662DAA1EEC00F38C3B /* CourseListView.swift in Sources */ = {isa = PBXBuildFile; fileRef = D5BC7A652DAA1EEB00F38C3B /* CourseListView.swift */; };
		D5BC7A682DAA23C000F38C3B /* AutocompleteTextField.swift in Sources */ = {isa = PBXBuildFile; fileRef = D5BC7A672DAA23C000F38C3B /* AutocompleteTextField.swift */; };
		D5D6622E2DACE16100B0FB4D /* ErrorView.swift in Sources */ = {isa = PBXBuildFile; fileRef = D5D6622D2DACE16100B0FB4D /* ErrorView.swift */; };
		D5D662312DAD27DF00B0FB4D /* Course+CoreDataClass.swift in Sources */ = {isa = PBXBuildFile; fileRef = D5D6622F2DAD27DF00B0FB4D /* Course+CoreDataClass.swift */; };
		D5D662322DAD27DF00B0FB4D /* Course+CoreDataProperties.swift in Sources */ = {isa = PBXBuildFile; fileRef = D5D662302DAD27DF00B0FB4D /* Course+CoreDataProperties.swift */; };
		D5DE8F572DAC6C63009F7DC8 /* CourseSearchResponse.swift in Sources */ = {isa = PBXBuildFile; fileRef = D5DE8F562DAC6C63009F7DC8 /* CourseSearchResponse.swift */; };
		D5DE8F592DAC958D009F7DC8 /* AppColor.swift in Sources */ = {isa = PBXBuildFile; fileRef = D5DE8F582DAC958D009F7DC8 /* AppColor.swift */; };
/* End PBXBuildFile section */

/* Begin PBXContainerItemProxy section */
		D5A541122DA844B3004514F7 /* PBXContainerItemProxy */ = {
			isa = PBXContainerItemProxy;
			containerPortal = D5A540F42DA844AF004514F7 /* Project object */;
			proxyType = 1;
			remoteGlobalIDString = D5A540FB2DA844B0004514F7;
			remoteInfo = TeeFinder;
		};
		D5A5411C2DA844B3004514F7 /* PBXContainerItemProxy */ = {
			isa = PBXContainerItemProxy;
			containerPortal = D5A540F42DA844AF004514F7 /* Project object */;
			proxyType = 1;
			remoteGlobalIDString = D5A540FB2DA844B0004514F7;
			remoteInfo = TeeFinder;
		};
/* End PBXContainerItemProxy section */

/* Begin PBXFileReference section */
		D55A42272DA9B28B00D4B461 /* RootViewModel.swift */ = {isa = PBXFileReference; lastKnownFileType = sourcecode.swift; path = RootViewModel.swift; sourceTree = "<group>"; };
		D5A540FC2DA844B0004514F7 /* TeeFinder.app */ = {isa = PBXFileReference; explicitFileType = wrapper.application; includeInIndex = 0; path = TeeFinder.app; sourceTree = BUILT_PRODUCTS_DIR; };
		D5A540FF2DA844B0004514F7 /* TeeFinderApp.swift */ = {isa = PBXFileReference; lastKnownFileType = sourcecode.swift; path = TeeFinderApp.swift; sourceTree = "<group>"; };
		D5A541012DA844B0004514F7 /* RootView.swift */ = {isa = PBXFileReference; lastKnownFileType = sourcecode.swift; path = RootView.swift; sourceTree = "<group>"; };
		D5A541032DA844B3004514F7 /* Assets.xcassets */ = {isa = PBXFileReference; lastKnownFileType = folder.assetcatalog; path = Assets.xcassets; sourceTree = "<group>"; };
		D5A541062DA844B3004514F7 /* Preview Assets.xcassets */ = {isa = PBXFileReference; lastKnownFileType = folder.assetcatalog; path = "Preview Assets.xcassets"; sourceTree = "<group>"; };
		D5A541082DA844B3004514F7 /* Persistence.swift */ = {isa = PBXFileReference; lastKnownFileType = sourcecode.swift; path = Persistence.swift; sourceTree = "<group>"; };
		D5A5410B2DA844B3004514F7 /* TeeFinder.xcdatamodel */ = {isa = PBXFileReference; lastKnownFileType = wrapper.xcdatamodel; path = TeeFinder.xcdatamodel; sourceTree = "<group>"; };
		D5A541112DA844B3004514F7 /* TeeFinderTests.xctest */ = {isa = PBXFileReference; explicitFileType = wrapper.cfbundle; includeInIndex = 0; path = TeeFinderTests.xctest; sourceTree = BUILT_PRODUCTS_DIR; };
		D5A541152DA844B3004514F7 /* TeeFinderTests.swift */ = {isa = PBXFileReference; lastKnownFileType = sourcecode.swift; path = TeeFinderTests.swift; sourceTree = "<group>"; };
		D5A5411B2DA844B3004514F7 /* TeeFinderUITests.xctest */ = {isa = PBXFileReference; explicitFileType = wrapper.cfbundle; includeInIndex = 0; path = TeeFinderUITests.xctest; sourceTree = BUILT_PRODUCTS_DIR; };
		D5A5411F2DA844B3004514F7 /* TeeFinderUITests.swift */ = {isa = PBXFileReference; lastKnownFileType = sourcecode.swift; path = TeeFinderUITests.swift; sourceTree = "<group>"; };
		D5A541212DA844B3004514F7 /* TeeFinderUITestsLaunchTests.swift */ = {isa = PBXFileReference; lastKnownFileType = sourcecode.swift; path = TeeFinderUITestsLaunchTests.swift; sourceTree = "<group>"; };
		D5A541362DA864A1004514F7 /* CourseModel.swift */ = {isa = PBXFileReference; lastKnownFileType = sourcecode.swift; path = CourseModel.swift; sourceTree = "<group>"; };
		D5A541382DA864DD004514F7 /* CourseSearchSession.swift */ = {isa = PBXFileReference; lastKnownFileType = sourcecode.swift; path = CourseSearchSession.swift; sourceTree = "<group>"; };
		D5B482D02DACBB27000D34A6 /* CourseListItemView.swift */ = {isa = PBXFileReference; lastKnownFileType = sourcecode.swift; path = CourseListItemView.swift; sourceTree = "<group>"; };
		D5B482D52DACBBB7000D34A6 /* CourseDetailView.swift */ = {isa = PBXFileReference; lastKnownFileType = sourcecode.swift; path = CourseDetailView.swift; sourceTree = "<group>"; };
		D5B482D72DACBC10000D34A6 /* TeeDetailView.swift */ = {isa = PBXFileReference; lastKnownFileType = sourcecode.swift; path = TeeDetailView.swift; sourceTree = "<group>"; };
		D5B482D92DACBCE3000D34A6 /* CourseDetailViewModel.swift */ = {isa = PBXFileReference; lastKnownFileType = sourcecode.swift; path = CourseDetailViewModel.swift; sourceTree = "<group>"; };
		D5B482DB2DACBEFE000D34A6 /* TeeDetailViewModel.swift */ = {isa = PBXFileReference; lastKnownFileType = sourcecode.swift; path = TeeDetailViewModel.swift; sourceTree = "<group>"; };
		D5B482DE2DACC43F000D34A6 /* CourseListItemViewModel.swift */ = {isa = PBXFileReference; lastKnownFileType = sourcecode.swift; path = CourseListItemViewModel.swift; sourceTree = "<group>"; };
		D5B482E02DACC72F000D34A6 /* CourseListViewModel.swift */ = {isa = PBXFileReference; lastKnownFileType = sourcecode.swift; path = CourseListViewModel.swift; sourceTree = "<group>"; };
		D5B536692DA8C3EE00778AE3 /* Trie.swift */ = {isa = PBXFileReference; lastKnownFileType = sourcecode.swift; path = Trie.swift; sourceTree = "<group>"; };
		D5BC7A652DAA1EEB00F38C3B /* CourseListView.swift */ = {isa = PBXFileReference; lastKnownFileType = sourcecode.swift; path = CourseListView.swift; sourceTree = "<group>"; };
		D5BC7A672DAA23C000F38C3B /* AutocompleteTextField.swift */ = {isa = PBXFileReference; lastKnownFileType = sourcecode.swift; path = AutocompleteTextField.swift; sourceTree = "<group>"; };
		D5D6622D2DACE16100B0FB4D /* ErrorView.swift */ = {isa = PBXFileReference; lastKnownFileType = sourcecode.swift; path = ErrorView.swift; sourceTree = "<group>"; };
		D5D6622F2DAD27DF00B0FB4D /* Course+CoreDataClass.swift */ = {isa = PBXFileReference; lastKnownFileType = sourcecode.swift; path = "Course+CoreDataClass.swift"; sourceTree = "<group>"; };
		D5D662302DAD27DF00B0FB4D /* Course+CoreDataProperties.swift */ = {isa = PBXFileReference; lastKnownFileType = sourcecode.swift; path = "Course+CoreDataProperties.swift"; sourceTree = "<group>"; };
		D5DE8F562DAC6C63009F7DC8 /* CourseSearchResponse.swift */ = {isa = PBXFileReference; lastKnownFileType = sourcecode.swift; path = CourseSearchResponse.swift; sourceTree = "<group>"; };
		D5DE8F582DAC958D009F7DC8 /* AppColor.swift */ = {isa = PBXFileReference; lastKnownFileType = sourcecode.swift; path = AppColor.swift; sourceTree = "<group>"; };
/* End PBXFileReference section */

/* Begin PBXFrameworksBuildPhase section */
		D5A540F92DA844B0004514F7 /* Frameworks */ = {
			isa = PBXFrameworksBuildPhase;
			buildActionMask = 2147483647;
			files = (
			);
			runOnlyForDeploymentPostprocessing = 0;
		};
		D5A5410E2DA844B3004514F7 /* Frameworks */ = {
			isa = PBXFrameworksBuildPhase;
			buildActionMask = 2147483647;
			files = (
			);
			runOnlyForDeploymentPostprocessing = 0;
		};
		D5A541182DA844B3004514F7 /* Frameworks */ = {
			isa = PBXFrameworksBuildPhase;
			buildActionMask = 2147483647;
			files = (
			);
			runOnlyForDeploymentPostprocessing = 0;
		};
/* End PBXFrameworksBuildPhase section */

/* Begin PBXGroup section */
		D55A42292DAA164200D4B461 /* Utils */ = {
			isa = PBXGroup;
			children = (
				D5A541382DA864DD004514F7 /* CourseSearchSession.swift */,
				D5B536692DA8C3EE00778AE3 /* Trie.swift */,
			);
			path = Utils;
			sourceTree = "<group>";
		};
		D5A540F32DA844AF004514F7 = {
			isa = PBXGroup;
			children = (
				D5A540FE2DA844B0004514F7 /* TeeFinder */,
				D5A541142DA844B3004514F7 /* TeeFinderTests */,
				D5A5411E2DA844B3004514F7 /* TeeFinderUITests */,
				D5A540FD2DA844B0004514F7 /* Products */,
			);
			sourceTree = "<group>";
		};
		D5A540FD2DA844B0004514F7 /* Products */ = {
			isa = PBXGroup;
			children = (
				D5A540FC2DA844B0004514F7 /* TeeFinder.app */,
				D5A541112DA844B3004514F7 /* TeeFinderTests.xctest */,
				D5A5411B2DA844B3004514F7 /* TeeFinderUITests.xctest */,
			);
			name = Products;
			sourceTree = "<group>";
		};
		D5A540FE2DA844B0004514F7 /* TeeFinder */ = {
			isa = PBXGroup;
			children = (
				D5BC7A642DAA1ED400F38C3B /* UserInterface */,
				D55A42292DAA164200D4B461 /* Utils */,
				D5B5366B2DA8C7EC00778AE3 /* Persistence */,
				D5A540FF2DA844B0004514F7 /* TeeFinderApp.swift */,
				D5A541032DA844B3004514F7 /* Assets.xcassets */,
				D5A5410A2DA844B3004514F7 /* TeeFinder.xcdatamodeld */,
				D5A541052DA844B3004514F7 /* Preview Content */,
			);
			path = TeeFinder;
			sourceTree = "<group>";
		};
		D5A541052DA844B3004514F7 /* Preview Content */ = {
			isa = PBXGroup;
			children = (
				D5A541062DA844B3004514F7 /* Preview Assets.xcassets */,
			);
			path = "Preview Content";
			sourceTree = "<group>";
		};
		D5A541142DA844B3004514F7 /* TeeFinderTests */ = {
			isa = PBXGroup;
			children = (
				D5A541152DA844B3004514F7 /* TeeFinderTests.swift */,
			);
			path = TeeFinderTests;
			sourceTree = "<group>";
		};
		D5A5411E2DA844B3004514F7 /* TeeFinderUITests */ = {
			isa = PBXGroup;
			children = (
				D5A5411F2DA844B3004514F7 /* TeeFinderUITests.swift */,
				D5A541212DA844B3004514F7 /* TeeFinderUITestsLaunchTests.swift */,
			);
			path = TeeFinderUITests;
			sourceTree = "<group>";
		};
		D5B482CF2DACBAEE000D34A6 /* CourseList */ = {
			isa = PBXGroup;
			children = (
				D5BC7A652DAA1EEB00F38C3B /* CourseListView.swift */,
				D5B482E02DACC72F000D34A6 /* CourseListViewModel.swift */,
			);
			path = CourseList;
			sourceTree = "<group>";
		};
		D5B482D22DACBB70000D34A6 /* CourseListItem */ = {
			isa = PBXGroup;
			children = (
				D5B482D02DACBB27000D34A6 /* CourseListItemView.swift */,
				D5B482DE2DACC43F000D34A6 /* CourseListItemViewModel.swift */,
			);
			path = CourseListItem;
			sourceTree = "<group>";
		};
		D5B482D42DACBBAA000D34A6 /* CourseDetail */ = {
			isa = PBXGroup;
			children = (
				D5B482D92DACBCE3000D34A6 /* CourseDetailViewModel.swift */,
				D5B482D52DACBBB7000D34A6 /* CourseDetailView.swift */,
				D5B482DD2DACC220000D34A6 /* TeeDetail */,
			);
			path = CourseDetail;
			sourceTree = "<group>";
		};
		D5B482DD2DACC220000D34A6 /* TeeDetail */ = {
			isa = PBXGroup;
			children = (
				D5B482DB2DACBEFE000D34A6 /* TeeDetailViewModel.swift */,
				D5B482D72DACBC10000D34A6 /* TeeDetailView.swift */,
			);
			path = TeeDetail;
			sourceTree = "<group>";
		};
		D5B5366B2DA8C7EC00778AE3 /* Persistence */ = {
			isa = PBXGroup;
			children = (
				D5A541082DA844B3004514F7 /* Persistence.swift */,
				D5D6622F2DAD27DF00B0FB4D /* Course+CoreDataClass.swift */,
				D5D662302DAD27DF00B0FB4D /* Course+CoreDataProperties.swift */,
			);
			path = Persistence;
			sourceTree = "<group>";
		};
		D5BC7A642DAA1ED400F38C3B /* UserInterface */ = {
			isa = PBXGroup;
			children = (
				D5DE8F582DAC958D009F7DC8 /* AppColor.swift */,
				D5DE8F552DAC61B3009F7DC8 /* Model */,
				D5B482CF2DACBAEE000D34A6 /* CourseList */,
				D5B482D22DACBB70000D34A6 /* CourseListItem */,
				D5B482D42DACBBAA000D34A6 /* CourseDetail */,
				D55A42272DA9B28B00D4B461 /* RootViewModel.swift */,
				D5A541012DA844B0004514F7 /* RootView.swift */,
				D5BC7A672DAA23C000F38C3B /* AutocompleteTextField.swift */,
				D5D6622D2DACE16100B0FB4D /* ErrorView.swift */,
			);
			path = UserInterface;
			sourceTree = "<group>";
		};
		D5DE8F552DAC61B3009F7DC8 /* Model */ = {
			isa = PBXGroup;
			children = (
				D5A541362DA864A1004514F7 /* CourseModel.swift */,
				D5DE8F562DAC6C63009F7DC8 /* CourseSearchResponse.swift */,
			);
			path = Model;
			sourceTree = "<group>";
		};
/* End PBXGroup section */

/* Begin PBXNativeTarget section */
		D5A540FB2DA844B0004514F7 /* TeeFinder */ = {
			isa = PBXNativeTarget;
			buildConfigurationList = D5A541252DA844B3004514F7 /* Build configuration list for PBXNativeTarget "TeeFinder" */;
			buildPhases = (
				D5A540F82DA844B0004514F7 /* Sources */,
				D5A540F92DA844B0004514F7 /* Frameworks */,
				D5A540FA2DA844B0004514F7 /* Resources */,
			);
			buildRules = (
			);
			dependencies = (
			);
			name = TeeFinder;
			productName = TeeFinder;
			productReference = D5A540FC2DA844B0004514F7 /* TeeFinder.app */;
			productType = "com.apple.product-type.application";
		};
		D5A541102DA844B3004514F7 /* TeeFinderTests */ = {
			isa = PBXNativeTarget;
			buildConfigurationList = D5A541282DA844B3004514F7 /* Build configuration list for PBXNativeTarget "TeeFinderTests" */;
			buildPhases = (
				D5A5410D2DA844B3004514F7 /* Sources */,
				D5A5410E2DA844B3004514F7 /* Frameworks */,
				D5A5410F2DA844B3004514F7 /* Resources */,
			);
			buildRules = (
			);
			dependencies = (
				D5A541132DA844B3004514F7 /* PBXTargetDependency */,
			);
			name = TeeFinderTests;
			productName = TeeFinderTests;
			productReference = D5A541112DA844B3004514F7 /* TeeFinderTests.xctest */;
			productType = "com.apple.product-type.bundle.unit-test";
		};
		D5A5411A2DA844B3004514F7 /* TeeFinderUITests */ = {
			isa = PBXNativeTarget;
			buildConfigurationList = D5A5412B2DA844B3004514F7 /* Build configuration list for PBXNativeTarget "TeeFinderUITests" */;
			buildPhases = (
				D5A541172DA844B3004514F7 /* Sources */,
				D5A541182DA844B3004514F7 /* Frameworks */,
				D5A541192DA844B3004514F7 /* Resources */,
			);
			buildRules = (
			);
			dependencies = (
				D5A5411D2DA844B3004514F7 /* PBXTargetDependency */,
			);
			name = TeeFinderUITests;
			productName = TeeFinderUITests;
			productReference = D5A5411B2DA844B3004514F7 /* TeeFinderUITests.xctest */;
			productType = "com.apple.product-type.bundle.ui-testing";
		};
/* End PBXNativeTarget section */

/* Begin PBXProject section */
		D5A540F42DA844AF004514F7 /* Project object */ = {
			isa = PBXProject;
			attributes = {
				BuildIndependentTargetsInParallel = 1;
				LastSwiftUpdateCheck = 1540;
				LastUpgradeCheck = 1540;
				TargetAttributes = {
					D5A540FB2DA844B0004514F7 = {
						CreatedOnToolsVersion = 15.4;
					};
					D5A541102DA844B3004514F7 = {
						CreatedOnToolsVersion = 15.4;
						TestTargetID = D5A540FB2DA844B0004514F7;
					};
					D5A5411A2DA844B3004514F7 = {
						CreatedOnToolsVersion = 15.4;
						TestTargetID = D5A540FB2DA844B0004514F7;
					};
				};
			};
			buildConfigurationList = D5A540F72DA844AF004514F7 /* Build configuration list for PBXProject "TeeFinder" */;
			compatibilityVersion = "Xcode 14.0";
			developmentRegion = en;
			hasScannedForEncodings = 0;
			knownRegions = (
				en,
				Base,
			);
			mainGroup = D5A540F32DA844AF004514F7;
			productRefGroup = D5A540FD2DA844B0004514F7 /* Products */;
			projectDirPath = "";
			projectRoot = "";
			targets = (
				D5A540FB2DA844B0004514F7 /* TeeFinder */,
				D5A541102DA844B3004514F7 /* TeeFinderTests */,
				D5A5411A2DA844B3004514F7 /* TeeFinderUITests */,
			);
		};
/* End PBXProject section */

/* Begin PBXResourcesBuildPhase section */
		D5A540FA2DA844B0004514F7 /* Resources */ = {
			isa = PBXResourcesBuildPhase;
			buildActionMask = 2147483647;
			files = (
				D5A541072DA844B3004514F7 /* Preview Assets.xcassets in Resources */,
				D5A541042DA844B3004514F7 /* Assets.xcassets in Resources */,
			);
			runOnlyForDeploymentPostprocessing = 0;
		};
		D5A5410F2DA844B3004514F7 /* Resources */ = {
			isa = PBXResourcesBuildPhase;
			buildActionMask = 2147483647;
			files = (
			);
			runOnlyForDeploymentPostprocessing = 0;
		};
		D5A541192DA844B3004514F7 /* Resources */ = {
			isa = PBXResourcesBuildPhase;
			buildActionMask = 2147483647;
			files = (
			);
			runOnlyForDeploymentPostprocessing = 0;
		};
/* End PBXResourcesBuildPhase section */

/* Begin PBXSourcesBuildPhase section */
		D5A540F82DA844B0004514F7 /* Sources */ = {
			isa = PBXSourcesBuildPhase;
			buildActionMask = 2147483647;
			files = (
				D5B482DF2DACC43F000D34A6 /* CourseListItemViewModel.swift in Sources */,
				D5D662312DAD27DF00B0FB4D /* Course+CoreDataClass.swift in Sources */,
				D5D662322DAD27DF00B0FB4D /* Course+CoreDataProperties.swift in Sources */,
				D5B482D62DACBBB7000D34A6 /* CourseDetailView.swift in Sources */,
				D5B482D12DACBB27000D34A6 /* CourseListItemView.swift in Sources */,
				D5A5410C2DA844B3004514F7 /* TeeFinder.xcdatamodeld in Sources */,
				D55A42282DA9B28B00D4B461 /* RootViewModel.swift in Sources */,
				D5A541372DA864A1004514F7 /* CourseModel.swift in Sources */,
				D5DE8F592DAC958D009F7DC8 /* AppColor.swift in Sources */,
				D5B5366A2DA8C3EE00778AE3 /* Trie.swift in Sources */,
				D5A541092DA844B3004514F7 /* Persistence.swift in Sources */,
				D5B482E12DACC72F000D34A6 /* CourseListViewModel.swift in Sources */,
				D5B482DC2DACBEFE000D34A6 /* TeeDetailViewModel.swift in Sources */,
				D5A541022DA844B0004514F7 /* RootView.swift in Sources */,
				D5A541002DA844B0004514F7 /* TeeFinderApp.swift in Sources */,
				D5B482D82DACBC10000D34A6 /* TeeDetailView.swift in Sources */,
				D5DE8F572DAC6C63009F7DC8 /* CourseSearchResponse.swift in Sources */,
				D5B482DA2DACBCE3000D34A6 /* CourseDetailViewModel.swift in Sources */,
				D5BC7A682DAA23C000F38C3B /* AutocompleteTextField.swift in Sources */,
				D5A541392DA864DD004514F7 /* CourseSearchSession.swift in Sources */,
				D5BC7A662DAA1EEC00F38C3B /* CourseListView.swift in Sources */,
				D5D6622E2DACE16100B0FB4D /* ErrorView.swift in Sources */,
			);
			runOnlyForDeploymentPostprocessing = 0;
		};
		D5A5410D2DA844B3004514F7 /* Sources */ = {
			isa = PBXSourcesBuildPhase;
			buildActionMask = 2147483647;
			files = (
				D5A541162DA844B3004514F7 /* TeeFinderTests.swift in Sources */,
			);
			runOnlyForDeploymentPostprocessing = 0;
		};
		D5A541172DA844B3004514F7 /* Sources */ = {
			isa = PBXSourcesBuildPhase;
			buildActionMask = 2147483647;
			files = (
				D5A541202DA844B3004514F7 /* TeeFinderUITests.swift in Sources */,
				D5A541222DA844B3004514F7 /* TeeFinderUITestsLaunchTests.swift in Sources */,
			);
			runOnlyForDeploymentPostprocessing = 0;
		};
/* End PBXSourcesBuildPhase section */

/* Begin PBXTargetDependency section */
		D5A541132DA844B3004514F7 /* PBXTargetDependency */ = {
			isa = PBXTargetDependency;
			target = D5A540FB2DA844B0004514F7 /* TeeFinder */;
			targetProxy = D5A541122DA844B3004514F7 /* PBXContainerItemProxy */;
		};
		D5A5411D2DA844B3004514F7 /* PBXTargetDependency */ = {
			isa = PBXTargetDependency;
			target = D5A540FB2DA844B0004514F7 /* TeeFinder */;
			targetProxy = D5A5411C2DA844B3004514F7 /* PBXContainerItemProxy */;
		};
/* End PBXTargetDependency section */

/* Begin XCBuildConfiguration section */
		D5A541232DA844B3004514F7 /* Debug */ = {
			isa = XCBuildConfiguration;
			buildSettings = {
				ALWAYS_SEARCH_USER_PATHS = NO;
				ASSETCATALOG_COMPILER_GENERATE_SWIFT_ASSET_SYMBOL_EXTENSIONS = YES;
				CLANG_ANALYZER_NONNULL = YES;
				CLANG_ANALYZER_NUMBER_OBJECT_CONVERSION = YES_AGGRESSIVE;
				CLANG_CXX_LANGUAGE_STANDARD = "gnu++20";
				CLANG_ENABLE_MODULES = YES;
				CLANG_ENABLE_OBJC_ARC = YES;
				CLANG_ENABLE_OBJC_WEAK = YES;
				CLANG_WARN_BLOCK_CAPTURE_AUTORELEASING = YES;
				CLANG_WARN_BOOL_CONVERSION = YES;
				CLANG_WARN_COMMA = YES;
				CLANG_WARN_CONSTANT_CONVERSION = YES;
				CLANG_WARN_DEPRECATED_OBJC_IMPLEMENTATIONS = YES;
				CLANG_WARN_DIRECT_OBJC_ISA_USAGE = YES_ERROR;
				CLANG_WARN_DOCUMENTATION_COMMENTS = YES;
				CLANG_WARN_EMPTY_BODY = YES;
				CLANG_WARN_ENUM_CONVERSION = YES;
				CLANG_WARN_INFINITE_RECURSION = YES;
				CLANG_WARN_INT_CONVERSION = YES;
				CLANG_WARN_NON_LITERAL_NULL_CONVERSION = YES;
				CLANG_WARN_OBJC_IMPLICIT_RETAIN_SELF = YES;
				CLANG_WARN_OBJC_LITERAL_CONVERSION = YES;
				CLANG_WARN_OBJC_ROOT_CLASS = YES_ERROR;
				CLANG_WARN_QUOTED_INCLUDE_IN_FRAMEWORK_HEADER = YES;
				CLANG_WARN_RANGE_LOOP_ANALYSIS = YES;
				CLANG_WARN_STRICT_PROTOTYPES = YES;
				CLANG_WARN_SUSPICIOUS_MOVE = YES;
				CLANG_WARN_UNGUARDED_AVAILABILITY = YES_AGGRESSIVE;
				CLANG_WARN_UNREACHABLE_CODE = YES;
				CLANG_WARN__DUPLICATE_METHOD_MATCH = YES;
				COPY_PHASE_STRIP = NO;
				DEBUG_INFORMATION_FORMAT = dwarf;
				ENABLE_STRICT_OBJC_MSGSEND = YES;
				ENABLE_TESTABILITY = YES;
				ENABLE_USER_SCRIPT_SANDBOXING = YES;
				GCC_C_LANGUAGE_STANDARD = gnu17;
				GCC_DYNAMIC_NO_PIC = NO;
				GCC_NO_COMMON_BLOCKS = YES;
				GCC_OPTIMIZATION_LEVEL = 0;
				GCC_PREPROCESSOR_DEFINITIONS = (
					"DEBUG=1",
					"$(inherited)",
				);
				GCC_WARN_64_TO_32_BIT_CONVERSION = YES;
				GCC_WARN_ABOUT_RETURN_TYPE = YES_ERROR;
				GCC_WARN_UNDECLARED_SELECTOR = YES;
				GCC_WARN_UNINITIALIZED_AUTOS = YES_AGGRESSIVE;
				GCC_WARN_UNUSED_FUNCTION = YES;
				GCC_WARN_UNUSED_VARIABLE = YES;
				IPHONEOS_DEPLOYMENT_TARGET = 17.5;
				LOCALIZATION_PREFERS_STRING_CATALOGS = YES;
				MTL_ENABLE_DEBUG_INFO = INCLUDE_SOURCE;
				MTL_FAST_MATH = YES;
				ONLY_ACTIVE_ARCH = YES;
				SDKROOT = iphoneos;
				SWIFT_ACTIVE_COMPILATION_CONDITIONS = "DEBUG $(inherited)";
				SWIFT_OPTIMIZATION_LEVEL = "-Onone";
			};
			name = Debug;
		};
		D5A541242DA844B3004514F7 /* Release */ = {
			isa = XCBuildConfiguration;
			buildSettings = {
				ALWAYS_SEARCH_USER_PATHS = NO;
				ASSETCATALOG_COMPILER_GENERATE_SWIFT_ASSET_SYMBOL_EXTENSIONS = YES;
				CLANG_ANALYZER_NONNULL = YES;
				CLANG_ANALYZER_NUMBER_OBJECT_CONVERSION = YES_AGGRESSIVE;
				CLANG_CXX_LANGUAGE_STANDARD = "gnu++20";
				CLANG_ENABLE_MODULES = YES;
				CLANG_ENABLE_OBJC_ARC = YES;
				CLANG_ENABLE_OBJC_WEAK = YES;
				CLANG_WARN_BLOCK_CAPTURE_AUTORELEASING = YES;
				CLANG_WARN_BOOL_CONVERSION = YES;
				CLANG_WARN_COMMA = YES;
				CLANG_WARN_CONSTANT_CONVERSION = YES;
				CLANG_WARN_DEPRECATED_OBJC_IMPLEMENTATIONS = YES;
				CLANG_WARN_DIRECT_OBJC_ISA_USAGE = YES_ERROR;
				CLANG_WARN_DOCUMENTATION_COMMENTS = YES;
				CLANG_WARN_EMPTY_BODY = YES;
				CLANG_WARN_ENUM_CONVERSION = YES;
				CLANG_WARN_INFINITE_RECURSION = YES;
				CLANG_WARN_INT_CONVERSION = YES;
				CLANG_WARN_NON_LITERAL_NULL_CONVERSION = YES;
				CLANG_WARN_OBJC_IMPLICIT_RETAIN_SELF = YES;
				CLANG_WARN_OBJC_LITERAL_CONVERSION = YES;
				CLANG_WARN_OBJC_ROOT_CLASS = YES_ERROR;
				CLANG_WARN_QUOTED_INCLUDE_IN_FRAMEWORK_HEADER = YES;
				CLANG_WARN_RANGE_LOOP_ANALYSIS = YES;
				CLANG_WARN_STRICT_PROTOTYPES = YES;
				CLANG_WARN_SUSPICIOUS_MOVE = YES;
				CLANG_WARN_UNGUARDED_AVAILABILITY = YES_AGGRESSIVE;
				CLANG_WARN_UNREACHABLE_CODE = YES;
				CLANG_WARN__DUPLICATE_METHOD_MATCH = YES;
				COPY_PHASE_STRIP = NO;
				DEBUG_INFORMATION_FORMAT = "dwarf-with-dsym";
				ENABLE_NS_ASSERTIONS = NO;
				ENABLE_STRICT_OBJC_MSGSEND = YES;
				ENABLE_USER_SCRIPT_SANDBOXING = YES;
				GCC_C_LANGUAGE_STANDARD = gnu17;
				GCC_NO_COMMON_BLOCKS = YES;
				GCC_WARN_64_TO_32_BIT_CONVERSION = YES;
				GCC_WARN_ABOUT_RETURN_TYPE = YES_ERROR;
				GCC_WARN_UNDECLARED_SELECTOR = YES;
				GCC_WARN_UNINITIALIZED_AUTOS = YES_AGGRESSIVE;
				GCC_WARN_UNUSED_FUNCTION = YES;
				GCC_WARN_UNUSED_VARIABLE = YES;
				IPHONEOS_DEPLOYMENT_TARGET = 17.5;
				LOCALIZATION_PREFERS_STRING_CATALOGS = YES;
				MTL_ENABLE_DEBUG_INFO = NO;
				MTL_FAST_MATH = YES;
				SDKROOT = iphoneos;
				SWIFT_COMPILATION_MODE = wholemodule;
				VALIDATE_PRODUCT = YES;
			};
			name = Release;
		};
		D5A541262DA844B3004514F7 /* Debug */ = {
			isa = XCBuildConfiguration;
			buildSettings = {
				ASSETCATALOG_COMPILER_APPICON_NAME = AppIcon;
				ASSETCATALOG_COMPILER_GLOBAL_ACCENT_COLOR_NAME = AccentColor;
				CODE_SIGN_STYLE = Automatic;
				CURRENT_PROJECT_VERSION = 1;
				DEVELOPMENT_ASSET_PATHS = "\"TeeFinder/Preview Content\"";
				DEVELOPMENT_TEAM = 2P43R8TU72;
				ENABLE_PREVIEWS = YES;
				GENERATE_INFOPLIST_FILE = YES;
				INFOPLIST_KEY_UIApplicationSceneManifest_Generation = YES;
				INFOPLIST_KEY_UIApplicationSupportsIndirectInputEvents = YES;
				INFOPLIST_KEY_UILaunchScreen_Generation = YES;
				INFOPLIST_KEY_UISupportedInterfaceOrientations_iPad = "UIInterfaceOrientationPortrait UIInterfaceOrientationPortraitUpsideDown UIInterfaceOrientationLandscapeLeft UIInterfaceOrientationLandscapeRight";
				INFOPLIST_KEY_UISupportedInterfaceOrientations_iPhone = "UIInterfaceOrientationPortrait UIInterfaceOrientationLandscapeLeft UIInterfaceOrientationLandscapeRight";
				LD_RUNPATH_SEARCH_PATHS = (
					"$(inherited)",
					"@executable_path/Frameworks",
				);
				MARKETING_VERSION = 1.0;
				PRODUCT_BUNDLE_IDENTIFIER = com.TedSchultz.TeeFinder;
				PRODUCT_NAME = "$(TARGET_NAME)";
				SWIFT_EMIT_LOC_STRINGS = YES;
				SWIFT_VERSION = 5.0;
				TARGETED_DEVICE_FAMILY = "1,2";
			};
			name = Debug;
		};
		D5A541272DA844B3004514F7 /* Release */ = {
			isa = XCBuildConfiguration;
			buildSettings = {
				ASSETCATALOG_COMPILER_APPICON_NAME = AppIcon;
				ASSETCATALOG_COMPILER_GLOBAL_ACCENT_COLOR_NAME = AccentColor;
				CODE_SIGN_STYLE = Automatic;
				CURRENT_PROJECT_VERSION = 1;
				DEVELOPMENT_ASSET_PATHS = "\"TeeFinder/Preview Content\"";
				DEVELOPMENT_TEAM = 2P43R8TU72;
				ENABLE_PREVIEWS = YES;
				GENERATE_INFOPLIST_FILE = YES;
				INFOPLIST_KEY_UIApplicationSceneManifest_Generation = YES;
				INFOPLIST_KEY_UIApplicationSupportsIndirectInputEvents = YES;
				INFOPLIST_KEY_UILaunchScreen_Generation = YES;
				INFOPLIST_KEY_UISupportedInterfaceOrientations_iPad = "UIInterfaceOrientationPortrait UIInterfaceOrientationPortraitUpsideDown UIInterfaceOrientationLandscapeLeft UIInterfaceOrientationLandscapeRight";
				INFOPLIST_KEY_UISupportedInterfaceOrientations_iPhone = "UIInterfaceOrientationPortrait UIInterfaceOrientationLandscapeLeft UIInterfaceOrientationLandscapeRight";
				LD_RUNPATH_SEARCH_PATHS = (
					"$(inherited)",
					"@executable_path/Frameworks",
				);
				MARKETING_VERSION = 1.0;
				PRODUCT_BUNDLE_IDENTIFIER = com.TedSchultz.TeeFinder;
				PRODUCT_NAME = "$(TARGET_NAME)";
				SWIFT_EMIT_LOC_STRINGS = YES;
				SWIFT_VERSION = 5.0;
				TARGETED_DEVICE_FAMILY = "1,2";
			};
			name = Release;
		};
		D5A541292DA844B3004514F7 /* Debug */ = {
			isa = XCBuildConfiguration;
			buildSettings = {
				ALWAYS_EMBED_SWIFT_STANDARD_LIBRARIES = YES;
				BUNDLE_LOADER = "$(TEST_HOST)";
				CODE_SIGN_STYLE = Automatic;
				CURRENT_PROJECT_VERSION = 1;
				DEVELOPMENT_TEAM = 2P43R8TU72;
				GENERATE_INFOPLIST_FILE = YES;
				IPHONEOS_DEPLOYMENT_TARGET = 17.5;
				MARKETING_VERSION = 1.0;
				PRODUCT_BUNDLE_IDENTIFIER = com.TedSchultz.TeeFinderTests;
				PRODUCT_NAME = "$(TARGET_NAME)";
				SWIFT_EMIT_LOC_STRINGS = NO;
				SWIFT_VERSION = 5.0;
				TARGETED_DEVICE_FAMILY = "1,2";
				TEST_HOST = "$(BUILT_PRODUCTS_DIR)/TeeFinder.app/$(BUNDLE_EXECUTABLE_FOLDER_PATH)/TeeFinder";
			};
			name = Debug;
		};
		D5A5412A2DA844B3004514F7 /* Release */ = {
			isa = XCBuildConfiguration;
			buildSettings = {
				ALWAYS_EMBED_SWIFT_STANDARD_LIBRARIES = YES;
				BUNDLE_LOADER = "$(TEST_HOST)";
				CODE_SIGN_STYLE = Automatic;
				CURRENT_PROJECT_VERSION = 1;
				DEVELOPMENT_TEAM = 2P43R8TU72;
				GENERATE_INFOPLIST_FILE = YES;
				IPHONEOS_DEPLOYMENT_TARGET = 17.5;
				MARKETING_VERSION = 1.0;
				PRODUCT_BUNDLE_IDENTIFIER = com.TedSchultz.TeeFinderTests;
				PRODUCT_NAME = "$(TARGET_NAME)";
				SWIFT_EMIT_LOC_STRINGS = NO;
				SWIFT_VERSION = 5.0;
				TARGETED_DEVICE_FAMILY = "1,2";
				TEST_HOST = "$(BUILT_PRODUCTS_DIR)/TeeFinder.app/$(BUNDLE_EXECUTABLE_FOLDER_PATH)/TeeFinder";
			};
			name = Release;
		};
		D5A5412C2DA844B3004514F7 /* Debug */ = {
			isa = XCBuildConfiguration;
			buildSettings = {
				ALWAYS_EMBED_SWIFT_STANDARD_LIBRARIES = YES;
				CODE_SIGN_STYLE = Automatic;
				CURRENT_PROJECT_VERSION = 1;
				DEVELOPMENT_TEAM = 2P43R8TU72;
				GENERATE_INFOPLIST_FILE = YES;
				MARKETING_VERSION = 1.0;
				PRODUCT_BUNDLE_IDENTIFIER = com.TedSchultz.TeeFinderUITests;
				PRODUCT_NAME = "$(TARGET_NAME)";
				SWIFT_EMIT_LOC_STRINGS = NO;
				SWIFT_VERSION = 5.0;
				TARGETED_DEVICE_FAMILY = "1,2";
				TEST_TARGET_NAME = TeeFinder;
			};
			name = Debug;
		};
		D5A5412D2DA844B3004514F7 /* Release */ = {
			isa = XCBuildConfiguration;
			buildSettings = {
				ALWAYS_EMBED_SWIFT_STANDARD_LIBRARIES = YES;
				CODE_SIGN_STYLE = Automatic;
				CURRENT_PROJECT_VERSION = 1;
				DEVELOPMENT_TEAM = 2P43R8TU72;
				GENERATE_INFOPLIST_FILE = YES;
				MARKETING_VERSION = 1.0;
				PRODUCT_BUNDLE_IDENTIFIER = com.TedSchultz.TeeFinderUITests;
				PRODUCT_NAME = "$(TARGET_NAME)";
				SWIFT_EMIT_LOC_STRINGS = NO;
				SWIFT_VERSION = 5.0;
				TARGETED_DEVICE_FAMILY = "1,2";
				TEST_TARGET_NAME = TeeFinder;
			};
			name = Release;
		};
/* End XCBuildConfiguration section */

/* Begin XCConfigurationList section */
		D5A540F72DA844AF004514F7 /* Build configuration list for PBXProject "TeeFinder" */ = {
			isa = XCConfigurationList;
			buildConfigurations = (
				D5A541232DA844B3004514F7 /* Debug */,
				D5A541242DA844B3004514F7 /* Release */,
			);
			defaultConfigurationIsVisible = 0;
			defaultConfigurationName = Release;
		};
		D5A541252DA844B3004514F7 /* Build configuration list for PBXNativeTarget "TeeFinder" */ = {
			isa = XCConfigurationList;
			buildConfigurations = (
				D5A541262DA844B3004514F7 /* Debug */,
				D5A541272DA844B3004514F7 /* Release */,
			);
			defaultConfigurationIsVisible = 0;
			defaultConfigurationName = Release;
		};
		D5A541282DA844B3004514F7 /* Build configuration list for PBXNativeTarget "TeeFinderTests" */ = {
			isa = XCConfigurationList;
			buildConfigurations = (
				D5A541292DA844B3004514F7 /* Debug */,
				D5A5412A2DA844B3004514F7 /* Release */,
			);
			defaultConfigurationIsVisible = 0;
			defaultConfigurationName = Release;
		};
		D5A5412B2DA844B3004514F7 /* Build configuration list for PBXNativeTarget "TeeFinderUITests" */ = {
			isa = XCConfigurationList;
			buildConfigurations = (
				D5A5412C2DA844B3004514F7 /* Debug */,
				D5A5412D2DA844B3004514F7 /* Release */,
			);
			defaultConfigurationIsVisible = 0;
			defaultConfigurationName = Release;
		};
/* End XCConfigurationList section */

/* Begin XCVersionGroup section */
		D5A5410A2DA844B3004514F7 /* TeeFinder.xcdatamodeld */ = {
			isa = XCVersionGroup;
			children = (
				D5A5410B2DA844B3004514F7 /* TeeFinder.xcdatamodel */,
			);
			currentVersion = D5A5410B2DA844B3004514F7 /* TeeFinder.xcdatamodel */;
			path = TeeFinder.xcdatamodeld;
			sourceTree = "<group>";
			versionGroupType = wrapper.xcdatamodel;
		};
/* End XCVersionGroup section */
	};
	rootObject = D5A540F42DA844AF004514F7 /* Project object */;
}
